{
  "nodes": {
    "agimus-msgs": {
      "inputs": {
        "nix-ros-overlay": [
          "nix-ros-overlay"
        ]
      },
      "locked": {
        "lastModified": 1742974966,
        "narHash": "sha256-q4guibv1FCY041q4bu704nW599vflOBngxSrzGImNPo=",
        "owner": "agimus-project",
        "repo": "agimus_msgs",
        "rev": "6ffc94df901007ab22dc367215dd86f7ff367036",
        "type": "github"
      },
      "original": {
        "owner": "agimus-project",
        "ref": "humble-devel",
        "repo": "agimus_msgs",
        "type": "github"
      }
    },
    "colmpc": {
      "inputs": {
        "flake-parts": "flake-parts",
        "mim-solvers": "mim-solvers",
        "nixpkgs": [
          "nix-ros-overlay",
          "nixpkgs"
        ]
      },
      "locked": {
        "lastModified": 1744049836,
        "narHash": "sha256-DgyJ/IpD6RYWHiARhKKaC69eXKbo7ijMAgu7XhWl+8Y=",
        "owner": "agimus-project",
        "repo": "colmpc",
        "rev": "c83119cfac428eb3345d854e7c9b456ff09fd5ce",
        "type": "github"
      },
      "original": {
        "owner": "agimus-project",
        "repo": "colmpc",
        "type": "github"
      }
    },
    "flake-parts": {
      "inputs": {
        "nixpkgs-lib": "nixpkgs-lib"
      },
      "locked": {
        "lastModified": 1743550720,
        "narHash": "sha256-hIshGgKZCgWh6AYJpJmRgFdR3WUbkY04o82X05xqQiY=",
        "owner": "hercules-ci",
        "repo": "flake-parts",
        "rev": "c621e8422220273271f52058f618c94e405bb0f5",
        "type": "github"
      },
      "original": {
        "owner": "hercules-ci",
        "repo": "flake-parts",
        "type": "github"
      }
    },
    "flake-utils": {
      "inputs": {
        "systems": "systems"
      },
      "locked": {
        "lastModified": 1731533236,
        "narHash": "sha256-l0KFg5HjrsfsO/JpG+r7fRrqm12kzFHyUHqHCVpMMbI=",
        "owner": "numtide",
        "repo": "flake-utils",
        "rev": "11707dc2f618dd54ca8739b309ec4fc024de578b",
        "type": "github"
      },
      "original": {
        "owner": "numtide",
        "repo": "flake-utils",
        "type": "github"
      }
    },
    "franka-description": {
      "inputs": {
        "nix-ros-overlay": [
          "nix-ros-overlay"
        ]
      },
      "locked": {
        "lastModified": 1743082659,
        "narHash": "sha256-JLU6bNxew7lxh4H+04Gt52SiEzqi+mL863N3HF7uejY=",
        "owner": "agimus-project",
        "repo": "franka_description",
        "rev": "30205bcd401e791b1208d4a42458b7a21a9e3f2e",
        "type": "github"
      },
      "original": {
        "owner": "agimus-project",
        "ref": "humble-devel",
        "repo": "franka_description",
        "type": "github"
      }
    },
    "linear-feedback-controller-msgs": {
      "inputs": {
        "nix-ros-overlay": [
          "nix-ros-overlay"
        ]
      },
      "locked": {
        "lastModified": 1742893469,
        "narHash": "sha256-+VY+ctfvcDJee+lWvSnemJGSiBhOIAAZDRjmaooI13Q=",
        "owner": "loco-3d",
        "repo": "linear-feedback-controller-msgs",
        "rev": "f5dd80805134e2fa56757637f489a1a6dc68e747",
        "type": "github"
      },
      "original": {
        "owner": "loco-3d",
        "ref": "humble-devel",
        "repo": "linear-feedback-controller-msgs",
        "type": "github"
      }
    },
    "mim-solvers": {
      "inputs": {
        "flake-parts": [
          "colmpc",
          "flake-parts"
        ],
        "nixpkgs": [
          "colmpc",
          "nixpkgs"
        ]
      },
      "locked": {
        "lastModified": 1742676493,
        "narHash": "sha256-1Mqu9Hfy65HUIOVG/gJBpSMlOwDWVcH+LrR8CaWz0BE=",
        "owner": "machines-in-motion",
        "repo": "mim_solvers",
        "rev": "087108d30c1eaa56f244ede6a5a893887c62e222",
        "type": "github"
      },
      "original": {
        "owner": "machines-in-motion",
        "ref": "main",
        "repo": "mim_solvers",
        "type": "github"
      }
    },
    "nix-ros-overlay": {
      "inputs": {
        "flake-utils": "flake-utils",
        "nixpkgs": "nixpkgs"
      },
      "locked": {
        "lastModified": 1743964225,
        "narHash": "sha256-kNnEsx0vIlttxIBImExRihb5kzIZltoDY60W61igjVc=",
        "owner": "lopsided98",
        "repo": "nix-ros-overlay",
        "rev": "2985461e1ca758fb0c9ad90dbeaa3e46b652e15c",
        "type": "github"
      },
      "original": {
        "owner": "lopsided98",
        "ref": "develop",
        "repo": "nix-ros-overlay",
        "type": "github"
      }
    },
    "nixpkgs": {
      "locked": {
        "lastModified": 1739580444,
        "narHash": "sha256-+/bSz4EAVbqz8/HsIGLroF8aNaO8bLRL7WfACN+24g4=",
        "owner": "lopsided98",
        "repo": "nixpkgs",
        "rev": "8bb37161a0488b89830168b81c48aed11569cb93",
        "type": "github"
      },
      "original": {
        "owner": "lopsided98",
        "ref": "nix-ros",
        "repo": "nixpkgs",
        "type": "github"
      }
    },
    "nixpkgs-lib": {
      "locked": {
        "lastModified": 1743296961,
        "narHash": "sha256-b1EdN3cULCqtorQ4QeWgLMrd5ZGOjLSLemfa00heasc=",
        "owner": "nix-community",
        "repo": "nixpkgs.lib",
        "rev": "e4822aea2a6d1cdd36653c134cacfd64c97ff4fa",
        "type": "github"
      },
      "original": {
        "owner": "nix-community",
        "repo": "nixpkgs.lib",
        "type": "github"
      }
    },
    "patch-hpp": {
      "flake": false,
      "locked": {
        "narHash": "sha256-+/S2A4p6kTva+ZOFRt+XSd5N04BA3RcJHZvL17ebcLw=",
        "type": "file",
        "url": "https://github.com/nim65s/nixpkgs/pull/2.patch"
      },
      "original": {
        "type": "file",
        "url": "https://github.com/nim65s/nixpkgs/pull/2.patch"
      }
    },
    "root": {
      "inputs": {
        "agimus-msgs": "agimus-msgs",
        "colmpc": "colmpc",
        "franka-description": "franka-description",
        "linear-feedback-controller-msgs": "linear-feedback-controller-msgs",
        "nix-ros-overlay": "nix-ros-overlay",
        "nixpkgs": [
          "nix-ros-overlay",
          "nixpkgs"
        ],
        "patch-hpp": "patch-hpp"
      }
    },
    "systems": {
      "locked": {
        "lastModified": 1681028828,
        "narHash": "sha256-Vy1rq5AaRuLzOxct8nz4T6wlgyUR7zLU309k9mBC768=",
        "owner": "nix-systems",
        "repo": "default",
        "rev": "da67096a3b9bf56a91d16901293e51ba5b49a27e",
        "type": "github"
      },
      "original": {
        "owner": "nix-systems",
        "repo": "default",
        "type": "github"
      }
    }
  },
  "root": "root",
  "version": 7
}
