{
  "nodes": {
    "agimus-msgs": {
      "inputs": {
        "nix-ros-overlay": [
          "nix-ros-overlay"
        ]
      },
      "locked": {
        "lastModified": 1739351420,
        "narHash": "sha256-HOcglC0O1AEZFvqk6RqQB4wiC43z+lOjp1ILLlZaVf4=",
        "owner": "agimus-project",
        "repo": "agimus_msgs",
        "rev": "689a413e93c697e092bd8ac69a27a23230f07fe4",
        "type": "github"
      },
      "original": {
        "owner": "agimus-project",
        "ref": "humble-devel",
        "repo": "agimus_msgs",
        "type": "github"
      }
    },
    "colmpc": {
      "inputs": {
        "crocoddyl": "crocoddyl",
        "flake-parts": "flake-parts",
        "nixpkgs": [
          "nix-ros-overlay",
          "nixpkgs"
        ]
      },
      "locked": {
        "lastModified": 1741025854,
        "narHash": "sha256-14NqWLY+JWxOiYE2d4QTyBvOHzfoX3Q55UOlru2zwZc=",
        "owner": "agimus-project",
        "repo": "colmpc",
        "rev": "96ed40c157f290b8541a52e675ae195e1a07bb3c",
        "type": "github"
      },
      "original": {
        "owner": "agimus-project",
        "repo": "colmpc",
        "type": "github"
      }
    },
    "crocoddyl": {
      "inputs": {
        "flake-parts": [
          "colmpc",
          "flake-parts"
        ],
        "nixpkgs": [
          "colmpc",
          "nixpkgs"
        ]
      },
      "locked": {
        "lastModified": 1738932671,
        "narHash": "sha256-2xceLlDCaUxUWMoCZralxsBwxwBc2jhNK7iqccIz7rU=",
        "owner": "loco-3d",
        "repo": "crocoddyl",
        "rev": "871b0a933f1f74f0abb8bbbce0d367c769eeb435",
        "type": "github"
      },
      "original": {
        "owner": "loco-3d",
        "ref": "release/3.0.0",
        "repo": "crocoddyl",
        "type": "github"
      }
    },
    "flake-parts": {
      "inputs": {
        "nixpkgs-lib": "nixpkgs-lib"
      },
      "locked": {
        "lastModified": 1738453229,
        "narHash": "sha256-7H9XgNiGLKN1G1CgRh0vUL4AheZSYzPm+zmZ7vxbJdo=",
        "owner": "hercules-ci",
        "repo": "flake-parts",
        "rev": "32ea77a06711b758da0ad9bd6a844c5740a87abd",
        "type": "github"
      },
      "original": {
        "owner": "hercules-ci",
        "repo": "flake-parts",
        "type": "github"
      }
    },
    "flake-utils": {
      "inputs": {
        "systems": "systems"
      },
      "locked": {
        "lastModified": 1731533236,
        "narHash": "sha256-l0KFg5HjrsfsO/JpG+r7fRrqm12kzFHyUHqHCVpMMbI=",
        "owner": "numtide",
        "repo": "flake-utils",
        "rev": "11707dc2f618dd54ca8739b309ec4fc024de578b",
        "type": "github"
      },
      "original": {
        "owner": "numtide",
        "repo": "flake-utils",
        "type": "github"
      }
    },
    "franka-description": {
      "inputs": {
        "nix-ros-overlay": [
          "nix-ros-overlay"
        ]
      },
      "locked": {
        "lastModified": 1738760316,
        "narHash": "sha256-PsfLYDtSXK01jHitjOo4thLlL+Fjr1m8592V8Ar2VNQ=",
        "owner": "agimus-project",
        "repo": "franka_description",
        "rev": "819ad93f90012fcb33a2051e7b4bdf3b2ac37a09",
        "type": "github"
      },
      "original": {
        "owner": "agimus-project",
        "ref": "humble-devel",
        "repo": "franka_description",
        "type": "github"
      }
    },
    "linear-feedback-controller-msgs": {
      "inputs": {
        "nix-ros-overlay": [
          "nix-ros-overlay"
        ]
      },
      "locked": {
        "lastModified": 1739270095,
        "narHash": "sha256-Qz99AM39QSrG0n5SoF32YdjIVKWixOgQkwaHezbrmzY=",
        "owner": "loco-3d",
        "repo": "linear-feedback-controller-msgs",
        "rev": "cf9d1d249f9ffd80d9092847eb7a298f7ce0f49c",
        "type": "github"
      },
      "original": {
        "owner": "loco-3d",
        "ref": "humble-devel",
        "repo": "linear-feedback-controller-msgs",
        "type": "github"
      }
    },
    "nix-ros-overlay": {
      "inputs": {
        "flake-utils": "flake-utils",
        "nixpkgs": "nixpkgs"
      },
      "locked": {
        "lastModified": 1740856386,
        "narHash": "sha256-8nCsAs0KB7kb8kkgX3zVS8M5zJqbnH2pzlAZPsnknOE=",
        "owner": "lopsided98",
        "repo": "nix-ros-overlay",
        "rev": "902905a45b5f3b2aa2771bf5c59df1fcfe003778",
        "type": "github"
      },
      "original": {
        "owner": "lopsided98",
        "ref": "develop",
        "repo": "nix-ros-overlay",
        "type": "github"
      }
    },
    "nixpkgs": {
      "locked": {
        "lastModified": 1739580444,
        "narHash": "sha256-+/bSz4EAVbqz8/HsIGLroF8aNaO8bLRL7WfACN+24g4=",
        "owner": "lopsided98",
        "repo": "nixpkgs",
        "rev": "8bb37161a0488b89830168b81c48aed11569cb93",
        "type": "github"
      },
      "original": {
        "owner": "lopsided98",
        "ref": "nix-ros",
        "repo": "nixpkgs",
        "type": "github"
      }
    },
    "nixpkgs-lib": {
      "locked": {
        "lastModified": 1738452942,
        "narHash": "sha256-vJzFZGaCpnmo7I6i416HaBLpC+hvcURh/BQwROcGIp8=",
        "type": "tarball",
        "url": "https://github.com/NixOS/nixpkgs/archive/072a6db25e947df2f31aab9eccd0ab75d5b2da11.tar.gz"
      },
      "original": {
        "type": "tarball",
        "url": "https://github.com/NixOS/nixpkgs/archive/072a6db25e947df2f31aab9eccd0ab75d5b2da11.tar.gz"
      }
    },
    "patch-hpp": {
      "flake": false,
      "locked": {
        "narHash": "sha256-Rj07W99G9CvZEc/92lAJa8JYqgFKhaIoeyJuatpLlhk=",
        "type": "file",
        "url": "https://github.com/nim65s/nixpkgs/pull/2.patch"
      },
      "original": {
        "type": "file",
        "url": "https://github.com/nim65s/nixpkgs/pull/2.patch"
      }
    },
    "root": {
      "inputs": {
        "agimus-msgs": "agimus-msgs",
        "colmpc": "colmpc",
        "franka-description": "franka-description",
        "linear-feedback-controller-msgs": "linear-feedback-controller-msgs",
        "nix-ros-overlay": "nix-ros-overlay",
        "nixpkgs": [
          "nix-ros-overlay",
          "nixpkgs"
        ],
        "patch-hpp": "patch-hpp"
      }
    },
    "systems": {
      "locked": {
        "lastModified": 1681028828,
        "narHash": "sha256-Vy1rq5AaRuLzOxct8nz4T6wlgyUR7zLU309k9mBC768=",
        "owner": "nix-systems",
        "repo": "default",
        "rev": "da67096a3b9bf56a91d16901293e51ba5b49a27e",
        "type": "github"
      },
      "original": {
        "owner": "nix-systems",
        "repo": "default",
        "type": "github"
      }
    }
  },
  "root": "root",
  "version": 7
}
